{
  "name": "npm-install-smoke",
  "version": "1.0.0",
  "lockfileVersion": 3,
  "requires": true,
  "packages": {
    "": {
      "name": "npm-install-smoke",
      "version": "1.0.0",
      "license": "ISC",
      "dependencies": {
        "gutu": "file:../../gutu-0.1.0.tgz"
      }
    },
    "node_modules/gutu": {
      "version": "0.1.0",
      "resolved": "file:../../gutu-0.1.0.tgz",
      "integrity": "sha512-uQuXY/CKvqOJ4BAU1riysMtBPnxRnPiaNKz0XhQg6JCiqQJnufobWiRfYUjHWqPbaFJbf/AjoTtCz8vBidrJig==",
      "license": "MIT",
      "workspaces": [
        "apps/*",
        "framework/core/*",
        "framework/libraries/*",
        "framework/builtin-plugins/*",
        "tooling/*"
      ],
      "bin": {
        "gutu": "dist/gutu.js"
      }
    }
  }
}
